// !$*UTF8*$!
{
	archiveVersion = 1;
	classes = {
	};
	objectVersion = 46;
	objects = {

/* Begin PBXBuildFile section */
		2E855C5FB0C7C6BD9DD865AB /* libPods-Blocstagram.a in Frameworks */ = {isa = PBXBuildFile; fileRef = FEF16D8CEC8399176A26AE0D /* libPods-Blocstagram.a */; };
		88249CF01CD0189D00B67474 /* main.m in Sources */ = {isa = PBXBuildFile; fileRef = 88249CEF1CD0189D00B67474 /* main.m */; };
		88249CF31CD0189D00B67474 /* AppDelegate.m in Sources */ = {isa = PBXBuildFile; fileRef = 88249CF21CD0189D00B67474 /* AppDelegate.m */; };
		88249CFB1CD0189D00B67474 /* Assets.xcassets in Resources */ = {isa = PBXBuildFile; fileRef = 88249CFA1CD0189D00B67474 /* Assets.xcassets */; };
		88249CFE1CD0189D00B67474 /* LaunchScreen.storyboard in Resources */ = {isa = PBXBuildFile; fileRef = 88249CFC1CD0189D00B67474 /* LaunchScreen.storyboard */; };
		88249D3A1CD01D3C00B67474 /* 1.jpg in Resources */ = {isa = PBXBuildFile; fileRef = 88249D301CD01D3C00B67474 /* 1.jpg */; };
		88249D3B1CD01D3C00B67474 /* 2.jpg in Resources */ = {isa = PBXBuildFile; fileRef = 88249D311CD01D3C00B67474 /* 2.jpg */; };
		88249D3C1CD01D3C00B67474 /* 3.jpg in Resources */ = {isa = PBXBuildFile; fileRef = 88249D321CD01D3C00B67474 /* 3.jpg */; };
		88249D3D1CD01D3C00B67474 /* 4.jpg in Resources */ = {isa = PBXBuildFile; fileRef = 88249D331CD01D3C00B67474 /* 4.jpg */; };
		88249D3E1CD01D3C00B67474 /* 5.jpg in Resources */ = {isa = PBXBuildFile; fileRef = 88249D341CD01D3C00B67474 /* 5.jpg */; };
		88249D3F1CD01D3C00B67474 /* 6.jpg in Resources */ = {isa = PBXBuildFile; fileRef = 88249D351CD01D3C00B67474 /* 6.jpg */; };
		88249D401CD01D3C00B67474 /* 7.jpg in Resources */ = {isa = PBXBuildFile; fileRef = 88249D361CD01D3C00B67474 /* 7.jpg */; };
		88249D411CD01D3C00B67474 /* 8.jpg in Resources */ = {isa = PBXBuildFile; fileRef = 88249D371CD01D3C00B67474 /* 8.jpg */; };
		88249D421CD01D3C00B67474 /* 9.jpg in Resources */ = {isa = PBXBuildFile; fileRef = 88249D381CD01D3C00B67474 /* 9.jpg */; };
		88249D431CD01D3C00B67474 /* 10.jpg in Resources */ = {isa = PBXBuildFile; fileRef = 88249D391CD01D3C00B67474 /* 10.jpg */; };
		88249D461CD01DC700B67474 /* ImagesTableViewController.m in Sources */ = {isa = PBXBuildFile; fileRef = 88249D451CD01DC700B67474 /* ImagesTableViewController.m */; };
		88249D6B1CD179BE00B67474 /* User.m in Sources */ = {isa = PBXBuildFile; fileRef = 88249D6A1CD179BE00B67474 /* User.m */; };
		88249D6E1CD17AEA00B67474 /* Media.m in Sources */ = {isa = PBXBuildFile; fileRef = 88249D6D1CD17AEA00B67474 /* Media.m */; };
		88249D711CD17CA100B67474 /* Comment.m in Sources */ = {isa = PBXBuildFile; fileRef = 88249D701CD17CA100B67474 /* Comment.m */; };
		88249D741CD17E3D00B67474 /* DataSource.m in Sources */ = {isa = PBXBuildFile; fileRef = 88249D731CD17E3D00B67474 /* DataSource.m */; };
		88249D791CD2B44800B67474 /* MediaTableViewCell.m in Sources */ = {isa = PBXBuildFile; fileRef = 88249D781CD2B44800B67474 /* MediaTableViewCell.m */; };
		88249D7E1CDBEC1700B67474 /* LoginViewController.m in Sources */ = {isa = PBXBuildFile; fileRef = 88249D7D1CDBEC1700B67474 /* LoginViewController.m */; };
/* End PBXBuildFile section */

/* Begin PBXFileReference section */
		88249CEB1CD0189D00B67474 /* Blocstagram.app */ = {isa = PBXFileReference; explicitFileType = wrapper.application; includeInIndex = 0; path = Blocstagram.app; sourceTree = BUILT_PRODUCTS_DIR; };
		88249CEF1CD0189D00B67474 /* main.m */ = {isa = PBXFileReference; lastKnownFileType = sourcecode.c.objc; path = main.m; sourceTree = "<group>"; };
		88249CF11CD0189D00B67474 /* AppDelegate.h */ = {isa = PBXFileReference; lastKnownFileType = sourcecode.c.h; path = AppDelegate.h; sourceTree = "<group>"; };
		88249CF21CD0189D00B67474 /* AppDelegate.m */ = {isa = PBXFileReference; lastKnownFileType = sourcecode.c.objc; path = AppDelegate.m; sourceTree = "<group>"; };
		88249CFA1CD0189D00B67474 /* Assets.xcassets */ = {isa = PBXFileReference; lastKnownFileType = folder.assetcatalog; path = Assets.xcassets; sourceTree = "<group>"; };
		88249CFD1CD0189D00B67474 /* Base */ = {isa = PBXFileReference; lastKnownFileType = file.storyboard; name = Base; path = Base.lproj/LaunchScreen.storyboard; sourceTree = "<group>"; };
		88249CFF1CD0189D00B67474 /* Info.plist */ = {isa = PBXFileReference; lastKnownFileType = text.plist.xml; path = Info.plist; sourceTree = "<group>"; };
		88249D301CD01D3C00B67474 /* 1.jpg */ = {isa = PBXFileReference; lastKnownFileType = image.jpeg; path = 1.jpg; sourceTree = "<group>"; };
		88249D311CD01D3C00B67474 /* 2.jpg */ = {isa = PBXFileReference; lastKnownFileType = image.jpeg; path = 2.jpg; sourceTree = "<group>"; };
		88249D321CD01D3C00B67474 /* 3.jpg */ = {isa = PBXFileReference; lastKnownFileType = image.jpeg; path = 3.jpg; sourceTree = "<group>"; };
		88249D331CD01D3C00B67474 /* 4.jpg */ = {isa = PBXFileReference; lastKnownFileType = image.jpeg; path = 4.jpg; sourceTree = "<group>"; };
		88249D341CD01D3C00B67474 /* 5.jpg */ = {isa = PBXFileReference; lastKnownFileType = image.jpeg; path = 5.jpg; sourceTree = "<group>"; };
		88249D351CD01D3C00B67474 /* 6.jpg */ = {isa = PBXFileReference; lastKnownFileType = image.jpeg; path = 6.jpg; sourceTree = "<group>"; };
		88249D361CD01D3C00B67474 /* 7.jpg */ = {isa = PBXFileReference; lastKnownFileType = image.jpeg; path = 7.jpg; sourceTree = "<group>"; };
		88249D371CD01D3C00B67474 /* 8.jpg */ = {isa = PBXFileReference; lastKnownFileType = image.jpeg; path = 8.jpg; sourceTree = "<group>"; };
		88249D381CD01D3C00B67474 /* 9.jpg */ = {isa = PBXFileReference; lastKnownFileType = image.jpeg; path = 9.jpg; sourceTree = "<group>"; };
		88249D391CD01D3C00B67474 /* 10.jpg */ = {isa = PBXFileReference; lastKnownFileType = image.jpeg; path = 10.jpg; sourceTree = "<group>"; };
		88249D441CD01DC700B67474 /* ImagesTableViewController.h */ = {isa = PBXFileReference; fileEncoding = 4; lastKnownFileType = sourcecode.c.h; path = ImagesTableViewController.h; sourceTree = "<group>"; };
		88249D451CD01DC700B67474 /* ImagesTableViewController.m */ = {isa = PBXFileReference; fileEncoding = 4; lastKnownFileType = sourcecode.c.objc; path = ImagesTableViewController.m; sourceTree = "<group>"; };
		88249D691CD179BE00B67474 /* User.h */ = {isa = PBXFileReference; fileEncoding = 4; lastKnownFileType = sourcecode.c.h; path = User.h; sourceTree = "<group>"; };
		88249D6A1CD179BE00B67474 /* User.m */ = {isa = PBXFileReference; fileEncoding = 4; lastKnownFileType = sourcecode.c.objc; path = User.m; sourceTree = "<group>"; };
		88249D6C1CD17AEA00B67474 /* Media.h */ = {isa = PBXFileReference; fileEncoding = 4; lastKnownFileType = sourcecode.c.h; path = Media.h; sourceTree = "<group>"; };
		88249D6D1CD17AEA00B67474 /* Media.m */ = {isa = PBXFileReference; fileEncoding = 4; lastKnownFileType = sourcecode.c.objc; path = Media.m; sourceTree = "<group>"; };
		88249D6F1CD17CA100B67474 /* Comment.h */ = {isa = PBXFileReference; fileEncoding = 4; lastKnownFileType = sourcecode.c.h; path = Comment.h; sourceTree = "<group>"; };
		88249D701CD17CA100B67474 /* Comment.m */ = {isa = PBXFileReference; fileEncoding = 4; lastKnownFileType = sourcecode.c.objc; path = Comment.m; sourceTree = "<group>"; };
		88249D721CD17E3D00B67474 /* DataSource.h */ = {isa = PBXFileReference; fileEncoding = 4; lastKnownFileType = sourcecode.c.h; path = DataSource.h; sourceTree = "<group>"; };
		88249D731CD17E3D00B67474 /* DataSource.m */ = {isa = PBXFileReference; fileEncoding = 4; lastKnownFileType = sourcecode.c.objc; path = DataSource.m; sourceTree = "<group>"; };
		88249D771CD2B44800B67474 /* MediaTableViewCell.h */ = {isa = PBXFileReference; fileEncoding = 4; lastKnownFileType = sourcecode.c.h; path = MediaTableViewCell.h; sourceTree = "<group>"; };
		88249D781CD2B44800B67474 /* MediaTableViewCell.m */ = {isa = PBXFileReference; fileEncoding = 4; lastKnownFileType = sourcecode.c.objc; path = MediaTableViewCell.m; sourceTree = "<group>"; };
		88249D7C1CDBEC1700B67474 /* LoginViewController.h */ = {isa = PBXFileReference; fileEncoding = 4; lastKnownFileType = sourcecode.c.h; path = LoginViewController.h; sourceTree = "<group>"; };
		88249D7D1CDBEC1700B67474 /* LoginViewController.m */ = {isa = PBXFileReference; fileEncoding = 4; lastKnownFileType = sourcecode.c.objc; path = LoginViewController.m; sourceTree = "<group>"; };
		F14C207203EB18614B652AF4 /* Pods-Blocstagram.release.xcconfig */ = {isa = PBXFileReference; includeInIndex = 1; lastKnownFileType = text.xcconfig; name = "Pods-Blocstagram.release.xcconfig"; path = "Pods/Target Support Files/Pods-Blocstagram/Pods-Blocstagram.release.xcconfig"; sourceTree = "<group>"; };
		FEF16D8CEC8399176A26AE0D /* libPods-Blocstagram.a */ = {isa = PBXFileReference; explicitFileType = archive.ar; includeInIndex = 0; path = "libPods-Blocstagram.a"; sourceTree = BUILT_PRODUCTS_DIR; };
		FFA2CBF8E290E7DBBE664B2B /* Pods-Blocstagram.debug.xcconfig */ = {isa = PBXFileReference; includeInIndex = 1; lastKnownFileType = text.xcconfig; name = "Pods-Blocstagram.debug.xcconfig"; path = "Pods/Target Support Files/Pods-Blocstagram/Pods-Blocstagram.debug.xcconfig"; sourceTree = "<group>"; };
/* End PBXFileReference section */

/* Begin PBXFrameworksBuildPhase section */
		88249CE81CD0189D00B67474 /* Frameworks */ = {
			isa = PBXFrameworksBuildPhase;
			buildActionMask = 2147483647;
			files = (
				2E855C5FB0C7C6BD9DD865AB /* libPods-Blocstagram.a in Frameworks */,
			);
			runOnlyForDeploymentPostprocessing = 0;
		};
/* End PBXFrameworksBuildPhase section */

/* Begin PBXGroup section */
		318EE83EBF8E4261E531F8B7 /* Pods */ = {
			isa = PBXGroup;
			children = (
				FFA2CBF8E290E7DBBE664B2B /* Pods-Blocstagram.debug.xcconfig */,
				F14C207203EB18614B652AF4 /* Pods-Blocstagram.release.xcconfig */,
			);
			name = Pods;
			sourceTree = "<group>";
		};
		88249CE21CD0189D00B67474 = {
			isa = PBXGroup;
			children = (
				88249CED1CD0189D00B67474 /* Blocstagram */,
				88249CEC1CD0189D00B67474 /* Products */,
				318EE83EBF8E4261E531F8B7 /* Pods */,
				E048E79C9057AC759CDC3F82 /* Frameworks */,
			);
			sourceTree = "<group>";
		};
		88249CEC1CD0189D00B67474 /* Products */ = {
			isa = PBXGroup;
			children = (
				88249CEB1CD0189D00B67474 /* Blocstagram.app */,
			);
			name = Products;
			sourceTree = "<group>";
		};
		88249CED1CD0189D00B67474 /* Blocstagram */ = {
			isa = PBXGroup;
			children = (
				88249D2F1CD01D1F00B67474 /* Images */,
				88249CF11CD0189D00B67474 /* AppDelegate.h */,
				88249CF21CD0189D00B67474 /* AppDelegate.m */,
				88249D691CD179BE00B67474 /* User.h */,
				88249D6A1CD179BE00B67474 /* User.m */,
				88249D6F1CD17CA100B67474 /* Comment.h */,
				88249D701CD17CA100B67474 /* Comment.m */,
				88249D6C1CD17AEA00B67474 /* Media.h */,
				88249D6D1CD17AEA00B67474 /* Media.m */,
				88249D721CD17E3D00B67474 /* DataSource.h */,
				88249D731CD17E3D00B67474 /* DataSource.m */,
				88249D771CD2B44800B67474 /* MediaTableViewCell.h */,
				88249D781CD2B44800B67474 /* MediaTableViewCell.m */,
				88249D7C1CDBEC1700B67474 /* LoginViewController.h */,
				88249D7D1CDBEC1700B67474 /* LoginViewController.m */,
				88249D441CD01DC700B67474 /* ImagesTableViewController.h */,
				88249D451CD01DC700B67474 /* ImagesTableViewController.m */,
				88249CFA1CD0189D00B67474 /* Assets.xcassets */,
				88249CFC1CD0189D00B67474 /* LaunchScreen.storyboard */,
				88249CFF1CD0189D00B67474 /* Info.plist */,
				88249CEE1CD0189D00B67474 /* Supporting Files */,
			);
			path = Blocstagram;
			sourceTree = "<group>";
		};
		88249CEE1CD0189D00B67474 /* Supporting Files */ = {
			isa = PBXGroup;
			children = (
				88249CEF1CD0189D00B67474 /* main.m */,
			);
			name = "Supporting Files";
			sourceTree = "<group>";
		};
		88249D2F1CD01D1F00B67474 /* Images */ = {
			isa = PBXGroup;
			children = (
				88249D301CD01D3C00B67474 /* 1.jpg */,
				88249D311CD01D3C00B67474 /* 2.jpg */,
				88249D321CD01D3C00B67474 /* 3.jpg */,
				88249D331CD01D3C00B67474 /* 4.jpg */,
				88249D341CD01D3C00B67474 /* 5.jpg */,
				88249D351CD01D3C00B67474 /* 6.jpg */,
				88249D361CD01D3C00B67474 /* 7.jpg */,
				88249D371CD01D3C00B67474 /* 8.jpg */,
				88249D381CD01D3C00B67474 /* 9.jpg */,
				88249D391CD01D3C00B67474 /* 10.jpg */,
			);
			name = Images;
			sourceTree = "<group>";
		};
		E048E79C9057AC759CDC3F82 /* Frameworks */ = {
			isa = PBXGroup;
			children = (
				FEF16D8CEC8399176A26AE0D /* libPods-Blocstagram.a */,
			);
			name = Frameworks;
			sourceTree = "<group>";
		};
/* End PBXGroup section */

/* Begin PBXNativeTarget section */
		88249CEA1CD0189D00B67474 /* Blocstagram */ = {
			isa = PBXNativeTarget;
			buildConfigurationList = 88249D021CD0189D00B67474 /* Build configuration list for PBXNativeTarget "Blocstagram" */;
			buildPhases = (
				604DB162526F98DDBBE346C1 /* 📦 Check Pods Manifest.lock */,
				88249CE71CD0189D00B67474 /* Sources */,
				88249CE81CD0189D00B67474 /* Frameworks */,
				88249CE91CD0189D00B67474 /* Resources */,
				BDDF40F87780ACA720A5A6C4 /* 📦 Embed Pods Frameworks */,
				A71ECA4B5F5E35F9A7C70FA3 /* 📦 Copy Pods Resources */,
			);
			buildRules = (
			);
			dependencies = (
			);
			name = Blocstagram;
			productName = Blocstagram;
			productReference = 88249CEB1CD0189D00B67474 /* Blocstagram.app */;
			productType = "com.apple.product-type.application";
		};
/* End PBXNativeTarget section */

/* Begin PBXProject section */
		88249CE31CD0189D00B67474 /* Project object */ = {
			isa = PBXProject;
			attributes = {
				LastUpgradeCheck = 0730;
				ORGANIZATIONNAME = Bloc;
				TargetAttributes = {
					88249CEA1CD0189D00B67474 = {
						CreatedOnToolsVersion = 7.3;
					};
				};
			};
			buildConfigurationList = 88249CE61CD0189D00B67474 /* Build configuration list for PBXProject "Blocstagram" */;
			compatibilityVersion = "Xcode 3.2";
			developmentRegion = English;
			hasScannedForEncodings = 0;
			knownRegions = (
				en,
				Base,
			);
			mainGroup = 88249CE21CD0189D00B67474;
			productRefGroup = 88249CEC1CD0189D00B67474 /* Products */;
			projectDirPath = "";
			projectRoot = "";
			targets = (
				88249CEA1CD0189D00B67474 /* Blocstagram */,
			);
		};
/* End PBXProject section */

/* Begin PBXResourcesBuildPhase section */
		88249CE91CD0189D00B67474 /* Resources */ = {
			isa = PBXResourcesBuildPhase;
			buildActionMask = 2147483647;
			files = (
				88249D421CD01D3C00B67474 /* 9.jpg in Resources */,
				88249D411CD01D3C00B67474 /* 8.jpg in Resources */,
				88249D3D1CD01D3C00B67474 /* 4.jpg in Resources */,
				88249D3C1CD01D3C00B67474 /* 3.jpg in Resources */,
				88249D3F1CD01D3C00B67474 /* 6.jpg in Resources */,
				88249D3A1CD01D3C00B67474 /* 1.jpg in Resources */,
				88249CFE1CD0189D00B67474 /* LaunchScreen.storyboard in Resources */,
				88249D3E1CD01D3C00B67474 /* 5.jpg in Resources */,
				88249D401CD01D3C00B67474 /* 7.jpg in Resources */,
				88249D3B1CD01D3C00B67474 /* 2.jpg in Resources */,
				88249D431CD01D3C00B67474 /* 10.jpg in Resources */,
				88249CFB1CD0189D00B67474 /* Assets.xcassets in Resources */,
			);
			runOnlyForDeploymentPostprocessing = 0;
		};
/* End PBXResourcesBuildPhase section */

/* Begin PBXShellScriptBuildPhase section */
		604DB162526F98DDBBE346C1 /* 📦 Check Pods Manifest.lock */ = {
			isa = PBXShellScriptBuildPhase;
			buildActionMask = 2147483647;
			files = (
			);
			inputPaths = (
			);
			name = "📦 Check Pods Manifest.lock";
			outputPaths = (
			);
			runOnlyForDeploymentPostprocessing = 0;
			shellPath = /bin/sh;
			shellScript = "diff \"${PODS_ROOT}/../Podfile.lock\" \"${PODS_ROOT}/Manifest.lock\" > /dev/null\nif [[ $? != 0 ]] ; then\n    cat << EOM\nerror: The sandbox is not in sync with the Podfile.lock. Run 'pod install' or update your CocoaPods installation.\nEOM\n    exit 1\nfi\n";
			showEnvVarsInLog = 0;
		};
		A71ECA4B5F5E35F9A7C70FA3 /* 📦 Copy Pods Resources */ = {
			isa = PBXShellScriptBuildPhase;
			buildActionMask = 2147483647;
			files = (
			);
			inputPaths = (
			);
			name = "📦 Copy Pods Resources";
			outputPaths = (
			);
			runOnlyForDeploymentPostprocessing = 0;
			shellPath = /bin/sh;
			shellScript = "\"${SRCROOT}/Pods/Target Support Files/Pods-Blocstagram/Pods-Blocstagram-resources.sh\"\n";
			showEnvVarsInLog = 0;
		};
		BDDF40F87780ACA720A5A6C4 /* 📦 Embed Pods Frameworks */ = {
			isa = PBXShellScriptBuildPhase;
			buildActionMask = 2147483647;
			files = (
			);
			inputPaths = (
			);
			name = "📦 Embed Pods Frameworks";
			outputPaths = (
			);
			runOnlyForDeploymentPostprocessing = 0;
			shellPath = /bin/sh;
			shellScript = "\"${SRCROOT}/Pods/Target Support Files/Pods-Blocstagram/Pods-Blocstagram-frameworks.sh\"\n";
			showEnvVarsInLog = 0;
		};
/* End PBXShellScriptBuildPhase section */

/* Begin PBXSourcesBuildPhase section */
		88249CE71CD0189D00B67474 /* Sources */ = {
			isa = PBXSourcesBuildPhase;
			buildActionMask = 2147483647;
			files = (
				88249D6B1CD179BE00B67474 /* User.m in Sources */,
				88249D711CD17CA100B67474 /* Comment.m in Sources */,
				88249D791CD2B44800B67474 /* MediaTableViewCell.m in Sources */,
				88249D6E1CD17AEA00B67474 /* Media.m in Sources */,
				88249CF31CD0189D00B67474 /* AppDelegate.m in Sources */,
				88249D7E1CDBEC1700B67474 /* LoginViewController.m in Sources */,
				88249D741CD17E3D00B67474 /* DataSource.m in Sources */,
				88249CF01CD0189D00B67474 /* main.m in Sources */,
				88249D461CD01DC700B67474 /* ImagesTableViewController.m in Sources */,
			);
			runOnlyForDeploymentPostprocessing = 0;
		};
/* End PBXSourcesBuildPhase section */

/* Begin PBXVariantGroup section */
		88249CFC1CD0189D00B67474 /* LaunchScreen.storyboard */ = {
			isa = PBXVariantGroup;
			children = (
				88249CFD1CD0189D00B67474 /* Base */,
			);
			name = LaunchScreen.storyboard;
			sourceTree = "<group>";
		};
/* End PBXVariantGroup section */

/* Begin XCBuildConfiguration section */
		88249D001CD0189D00B67474 /* Debug */ = {
			isa = XCBuildConfiguration;
			buildSettings = {
				ALWAYS_SEARCH_USER_PATHS = NO;
				CLANG_ANALYZER_NONNULL = YES;
				CLANG_CXX_LANGUAGE_STANDARD = "gnu++0x";
				CLANG_CXX_LIBRARY = "libc++";
				CLANG_ENABLE_MODULES = YES;
				CLANG_ENABLE_OBJC_ARC = YES;
				CLANG_WARN_BOOL_CONVERSION = YES;
				CLANG_WARN_CONSTANT_CONVERSION = YES;
				CLANG_WARN_DIRECT_OBJC_ISA_USAGE = YES_ERROR;
				CLANG_WARN_EMPTY_BODY = YES;
				CLANG_WARN_ENUM_CONVERSION = YES;
				CLANG_WARN_INT_CONVERSION = YES;
				CLANG_WARN_OBJC_ROOT_CLASS = YES_ERROR;
				CLANG_WARN_UNREACHABLE_CODE = YES;
				CLANG_WARN__DUPLICATE_METHOD_MATCH = YES;
				"CODE_SIGN_IDENTITY[sdk=iphoneos*]" = "iPhone Developer";
				COPY_PHASE_STRIP = NO;
				DEBUG_INFORMATION_FORMAT = dwarf;
				ENABLE_STRICT_OBJC_MSGSEND = YES;
				ENABLE_TESTABILITY = YES;
				GCC_C_LANGUAGE_STANDARD = gnu99;
				GCC_DYNAMIC_NO_PIC = NO;
				GCC_NO_COMMON_BLOCKS = YES;
				GCC_OPTIMIZATION_LEVEL = 0;
				GCC_PREPROCESSOR_DEFINITIONS = (
					"DEBUG=1",
					"$(inherited)",
				);
				GCC_WARN_64_TO_32_BIT_CONVERSION = YES;
				GCC_WARN_ABOUT_RETURN_TYPE = YES_ERROR;
				GCC_WARN_UNDECLARED_SELECTOR = YES;
				GCC_WARN_UNINITIALIZED_AUTOS = YES_AGGRESSIVE;
				GCC_WARN_UNUSED_FUNCTION = YES;
				GCC_WARN_UNUSED_VARIABLE = YES;
				IPHONEOS_DEPLOYMENT_TARGET = 9.3;
				MTL_ENABLE_DEBUG_INFO = YES;
				ONLY_ACTIVE_ARCH = YES;
				SDKROOT = iphoneos;
				TARGETED_DEVICE_FAMILY = "1,2";
			};
			name = Debug;
		};
		88249D011CD0189D00B67474 /* Release */ = {
			isa = XCBuildConfiguration;
			buildSettings = {
				ALWAYS_SEARCH_USER_PATHS = NO;
				CLANG_ANALYZER_NONNULL = YES;
				CLANG_CXX_LANGUAGE_STANDARD = "gnu++0x";
				CLANG_CXX_LIBRARY = "libc++";
				CLANG_ENABLE_MODULES = YES;
				CLANG_ENABLE_OBJC_ARC = YES;
				CLANG_WARN_BOOL_CONVERSION = YES;
				CLANG_WARN_CONSTANT_CONVERSION = YES;
				CLANG_WARN_DIRECT_OBJC_ISA_USAGE = YES_ERROR;
				CLANG_WARN_EMPTY_BODY = YES;
				CLANG_WARN_ENUM_CONVERSION = YES;
				CLANG_WARN_INT_CONVERSION = YES;
				CLANG_WARN_OBJC_ROOT_CLASS = YES_ERROR;
				CLANG_WARN_UNREACHABLE_CODE = YES;
				CLANG_WARN__DUPLICATE_METHOD_MATCH = YES;
				"CODE_SIGN_IDENTITY[sdk=iphoneos*]" = "iPhone Developer";
				COPY_PHASE_STRIP = NO;
				DEBUG_INFORMATION_FORMAT = "dwarf-with-dsym";
				ENABLE_NS_ASSERTIONS = NO;
				ENABLE_STRICT_OBJC_MSGSEND = YES;
				GCC_C_LANGUAGE_STANDARD = gnu99;
				GCC_NO_COMMON_BLOCKS = YES;
				GCC_WARN_64_TO_32_BIT_CONVERSION = YES;
				GCC_WARN_ABOUT_RETURN_TYPE = YES_ERROR;
				GCC_WARN_UNDECLARED_SELECTOR = YES;
				GCC_WARN_UNINITIALIZED_AUTOS = YES_AGGRESSIVE;
				GCC_WARN_UNUSED_FUNCTION = YES;
				GCC_WARN_UNUSED_VARIABLE = YES;
				IPHONEOS_DEPLOYMENT_TARGET = 9.3;
				MTL_ENABLE_DEBUG_INFO = NO;
				SDKROOT = iphoneos;
				TARGETED_DEVICE_FAMILY = "1,2";
				VALIDATE_PRODUCT = YES;
			};
			name = Release;
		};
		88249D031CD0189D00B67474 /* Debug */ = {
			isa = XCBuildConfiguration;
			baseConfigurationReference = FFA2CBF8E290E7DBBE664B2B /* Pods-Blocstagram.debug.xcconfig */;
			buildSettings = {
				ASSETCATALOG_COMPILER_APPICON_NAME = AppIcon;
				INFOPLIST_FILE = Blocstagram/Info.plist;
				LD_RUNPATH_SEARCH_PATHS = "$(inherited) @executable_path/Frameworks";
				PRODUCT_BUNDLE_IDENTIFIER = com.Bloc.Blocstagram;
				PRODUCT_NAME = "$(TARGET_NAME)";
			};
			name = Debug;
		};
		88249D041CD0189D00B67474 /* Release */ = {
			isa = XCBuildConfiguration;
			baseConfigurationReference = F14C207203EB18614B652AF4 /* Pods-Blocstagram.release.xcconfig */;
			buildSettings = {
				ASSETCATALOG_COMPILER_APPICON_NAME = AppIcon;
				INFOPLIST_FILE = Blocstagram/Info.plist;
				LD_RUNPATH_SEARCH_PATHS = "$(inherited) @executable_path/Frameworks";
				PRODUCT_BUNDLE_IDENTIFIER = com.Bloc.Blocstagram;
				PRODUCT_NAME = "$(TARGET_NAME)";
			};
			name = Release;
		};
/* End XCBuildConfiguration section */

/* Begin XCConfigurationList section */
		88249CE61CD0189D00B67474 /* Build configuration list for PBXProject "Blocstagram" */ = {
			isa = XCConfigurationList;
			buildConfigurations = (
				88249D001CD0189D00B67474 /* Debug */,
				88249D011CD0189D00B67474 /* Release */,
			);
			defaultConfigurationIsVisible = 0;
			defaultConfigurationName = Release;
		};
		88249D021CD0189D00B67474 /* Build configuration list for PBXNativeTarget "Blocstagram" */ = {
			isa = XCConfigurationList;
			buildConfigurations = (
				88249D031CD0189D00B67474 /* Debug */,
				88249D041CD0189D00B67474 /* Release */,
			);
			defaultConfigurationIsVisible = 0;
			defaultConfigurationName = Release;
		};
/* End XCConfigurationList section */
	};
	rootObject = 88249CE31CD0189D00B67474 /* Project object */;
}
